// !$*UTF8*$!
{
	archiveVersion = 1;
	classes = {
	};
	objectVersion = 48;
	objects = {

/* Begin PBXBuildFile section */
		7FF077E6200CA18E009985CA /* AppDelegate.swift in Sources */ = {isa = PBXBuildFile; fileRef = 7FF077E5200CA18E009985CA /* AppDelegate.swift */; };
		7FF077E8200CA18E009985CA /* ViewController.swift in Sources */ = {isa = PBXBuildFile; fileRef = 7FF077E7200CA18E009985CA /* ViewController.swift */; };
		7FF077EB200CA18E009985CA /* Main.storyboard in Resources */ = {isa = PBXBuildFile; fileRef = 7FF077E9200CA18E009985CA /* Main.storyboard */; };
		7FF077ED200CA18E009985CA /* Assets.xcassets in Resources */ = {isa = PBXBuildFile; fileRef = 7FF077EC200CA18E009985CA /* Assets.xcassets */; };
		7FF077F0200CA18E009985CA /* LaunchScreen.storyboard in Resources */ = {isa = PBXBuildFile; fileRef = 7FF077EE200CA18E009985CA /* LaunchScreen.storyboard */; };
		7FF077FB200CA18E009985CA /* BasketTests.swift in Sources */ = {isa = PBXBuildFile; fileRef = 7FF077FA200CA18E009985CA /* BasketTests.swift */; };
		7FF07811200CA32F009985CA /* LogCell.swift in Sources */ = {isa = PBXBuildFile; fileRef = 7FF07807200CA32F009985CA /* LogCell.swift */; };
		7FF07812200CA32F009985CA /* LogLabelView.swift in Sources */ = {isa = PBXBuildFile; fileRef = 7FF07808200CA32F009985CA /* LogLabelView.swift */; };
		7FF07813200CA32F009985CA /* LogViewerViewController.swift in Sources */ = {isa = PBXBuildFile; fileRef = 7FF07809200CA32F009985CA /* LogViewerViewController.swift */; };
		7FF07814200CA32F009985CA /* FileLogDataSource.swift in Sources */ = {isa = PBXBuildFile; fileRef = 7FF0780B200CA32F009985CA /* FileLogDataSource.swift */; };
		7FF07815200CA32F009985CA /* LogDataSource.swift in Sources */ = {isa = PBXBuildFile; fileRef = 7FF0780C200CA32F009985CA /* LogDataSource.swift */; };
		7FF07816200CA32F009985CA /* XCGLoggerFileLogDataSource.swift in Sources */ = {isa = PBXBuildFile; fileRef = 7FF0780D200CA32F009985CA /* XCGLoggerFileLogDataSource.swift */; };
		7FF07817200CA32F009985CA /* FileLogStore.swift in Sources */ = {isa = PBXBuildFile; fileRef = 7FF0780F200CA32F009985CA /* FileLogStore.swift */; };
		7FF07818200CA32F009985CA /* LogStore.swift in Sources */ = {isa = PBXBuildFile; fileRef = 7FF07810200CA32F009985CA /* LogStore.swift */; };
/* End PBXBuildFile section */

/* Begin PBXContainerItemProxy section */
		7FF077F7200CA18E009985CA /* PBXContainerItemProxy */ = {
			isa = PBXContainerItemProxy;
			containerPortal = 7FF077DA200CA18D009985CA /* Project object */;
			proxyType = 1;
			remoteGlobalIDString = 7FF077E1200CA18E009985CA;
			remoteInfo = Basket;
		};
/* End PBXContainerItemProxy section */

/* Begin PBXFileReference section */
		7FF077E2200CA18E009985CA /* Basket.app */ = {isa = PBXFileReference; explicitFileType = wrapper.application; includeInIndex = 0; path = Basket.app; sourceTree = BUILT_PRODUCTS_DIR; };
		7FF077E5200CA18E009985CA /* AppDelegate.swift */ = {isa = PBXFileReference; lastKnownFileType = sourcecode.swift; path = AppDelegate.swift; sourceTree = "<group>"; };
		7FF077E7200CA18E009985CA /* ViewController.swift */ = {isa = PBXFileReference; lastKnownFileType = sourcecode.swift; path = ViewController.swift; sourceTree = "<group>"; };
		7FF077EA200CA18E009985CA /* Base */ = {isa = PBXFileReference; lastKnownFileType = file.storyboard; name = Base; path = Base.lproj/Main.storyboard; sourceTree = "<group>"; };
		7FF077EC200CA18E009985CA /* Assets.xcassets */ = {isa = PBXFileReference; lastKnownFileType = folder.assetcatalog; path = Assets.xcassets; sourceTree = "<group>"; };
		7FF077EF200CA18E009985CA /* Base */ = {isa = PBXFileReference; lastKnownFileType = file.storyboard; name = Base; path = Base.lproj/LaunchScreen.storyboard; sourceTree = "<group>"; };
		7FF077F1200CA18E009985CA /* Info.plist */ = {isa = PBXFileReference; lastKnownFileType = text.plist.xml; path = Info.plist; sourceTree = "<group>"; };
		7FF077F6200CA18E009985CA /* BasketTests.xctest */ = {isa = PBXFileReference; explicitFileType = wrapper.cfbundle; includeInIndex = 0; path = BasketTests.xctest; sourceTree = BUILT_PRODUCTS_DIR; };
		7FF077FA200CA18E009985CA /* BasketTests.swift */ = {isa = PBXFileReference; lastKnownFileType = sourcecode.swift; path = BasketTests.swift; sourceTree = "<group>"; };
		7FF077FC200CA18E009985CA /* Info.plist */ = {isa = PBXFileReference; lastKnownFileType = text.plist.xml; path = Info.plist; sourceTree = "<group>"; };
		7FF07807200CA32F009985CA /* LogCell.swift */ = {isa = PBXFileReference; fileEncoding = 4; lastKnownFileType = sourcecode.swift; path = LogCell.swift; sourceTree = "<group>"; };
		7FF07808200CA32F009985CA /* LogLabelView.swift */ = {isa = PBXFileReference; fileEncoding = 4; lastKnownFileType = sourcecode.swift; path = LogLabelView.swift; sourceTree = "<group>"; };
		7FF07809200CA32F009985CA /* LogViewerViewController.swift */ = {isa = PBXFileReference; fileEncoding = 4; lastKnownFileType = sourcecode.swift; path = LogViewerViewController.swift; sourceTree = "<group>"; };
		7FF0780B200CA32F009985CA /* FileLogDataSource.swift */ = {isa = PBXFileReference; fileEncoding = 4; lastKnownFileType = sourcecode.swift; path = FileLogDataSource.swift; sourceTree = "<group>"; };
		7FF0780C200CA32F009985CA /* LogDataSource.swift */ = {isa = PBXFileReference; fileEncoding = 4; lastKnownFileType = sourcecode.swift; path = LogDataSource.swift; sourceTree = "<group>"; };
		7FF0780D200CA32F009985CA /* XCGLoggerFileLogDataSource.swift */ = {isa = PBXFileReference; fileEncoding = 4; lastKnownFileType = sourcecode.swift; path = XCGLoggerFileLogDataSource.swift; sourceTree = "<group>"; };
		7FF0780F200CA32F009985CA /* FileLogStore.swift */ = {isa = PBXFileReference; fileEncoding = 4; lastKnownFileType = sourcecode.swift; path = FileLogStore.swift; sourceTree = "<group>"; };
		7FF07810200CA32F009985CA /* LogStore.swift */ = {isa = PBXFileReference; fileEncoding = 4; lastKnownFileType = sourcecode.swift; path = LogStore.swift; sourceTree = "<group>"; };
		7FF07819200CA378009985CA /* Basket-Bridging-Header.h */ = {isa = PBXFileReference; lastKnownFileType = sourcecode.c.h; path = "Basket-Bridging-Header.h"; sourceTree = "<group>"; };
/* End PBXFileReference section */

/* Begin PBXFrameworksBuildPhase section */
		7FF077DF200CA18E009985CA /* Frameworks */ = {
			isa = PBXFrameworksBuildPhase;
			buildActionMask = 2147483647;
			files = (
			);
			runOnlyForDeploymentPostprocessing = 0;
		};
		7FF077F3200CA18E009985CA /* Frameworks */ = {
			isa = PBXFrameworksBuildPhase;
			buildActionMask = 2147483647;
			files = (
			);
			runOnlyForDeploymentPostprocessing = 0;
		};
/* End PBXFrameworksBuildPhase section */

/* Begin PBXGroup section */
		7FF077D9200CA18D009985CA = {
			isa = PBXGroup;
			children = (
				7FF077E4200CA18E009985CA /* Basket */,
				7FF077F9200CA18E009985CA /* BasketTests */,
				7FF077E3200CA18E009985CA /* Products */,
			);
			sourceTree = "<group>";
		};
		7FF077E3200CA18E009985CA /* Products */ = {
			isa = PBXGroup;
			children = (
				7FF077E2200CA18E009985CA /* Basket.app */,
				7FF077F6200CA18E009985CA /* BasketTests.xctest */,
			);
			name = Products;
			sourceTree = "<group>";
		};
		7FF077E4200CA18E009985CA /* Basket */ = {
			isa = PBXGroup;
			children = (
				7FF07805200CA2EA009985CA /* Log */,
				7FF077E5200CA18E009985CA /* AppDelegate.swift */,
				7FF077E7200CA18E009985CA /* ViewController.swift */,
				7FF077E9200CA18E009985CA /* Main.storyboard */,
				7FF077EC200CA18E009985CA /* Assets.xcassets */,
				7FF077EE200CA18E009985CA /* LaunchScreen.storyboard */,
				7FF077F1200CA18E009985CA /* Info.plist */,
				7FF07819200CA378009985CA /* Basket-Bridging-Header.h */,
			);
			path = Basket;
			sourceTree = "<group>";
		};
		7FF077F9200CA18E009985CA /* BasketTests */ = {
			isa = PBXGroup;
			children = (
				7FF077FA200CA18E009985CA /* BasketTests.swift */,
				7FF077FC200CA18E009985CA /* Info.plist */,
			);
			path = BasketTests;
			sourceTree = "<group>";
		};
		7FF07805200CA2EA009985CA /* Log */ = {
			isa = PBXGroup;
			children = (
				7FF0780A200CA32F009985CA /* LogDataSource */,
				7FF0780E200CA32F009985CA /* LogStore */,
				7FF07806200CA32F009985CA /* LogViewer */,
			);
			path = Log;
			sourceTree = "<group>";
		};
		7FF07806200CA32F009985CA /* LogViewer */ = {
			isa = PBXGroup;
			children = (
				7FF07807200CA32F009985CA /* LogCell.swift */,
				7FF07808200CA32F009985CA /* LogLabelView.swift */,
				7FF07809200CA32F009985CA /* LogViewerViewController.swift */,
			);
			path = LogViewer;
			sourceTree = "<group>";
		};
		7FF0780A200CA32F009985CA /* LogDataSource */ = {
			isa = PBXGroup;
			children = (
				7FF0780B200CA32F009985CA /* FileLogDataSource.swift */,
				7FF0780C200CA32F009985CA /* LogDataSource.swift */,
				7FF0780D200CA32F009985CA /* XCGLoggerFileLogDataSource.swift */,
			);
			path = LogDataSource;
			sourceTree = "<group>";
		};
		7FF0780E200CA32F009985CA /* LogStore */ = {
			isa = PBXGroup;
			children = (
				7FF0780F200CA32F009985CA /* FileLogStore.swift */,
				7FF07810200CA32F009985CA /* LogStore.swift */,
			);
			path = LogStore;
			sourceTree = "<group>";
		};
/* End PBXGroup section */

/* Begin PBXNativeTarget section */
		7FF077E1200CA18E009985CA /* Basket */ = {
			isa = PBXNativeTarget;
			buildConfigurationList = 7FF077FF200CA18E009985CA /* Build configuration list for PBXNativeTarget "Basket" */;
			buildPhases = (
				7FF077DE200CA18E009985CA /* Sources */,
				7FF077DF200CA18E009985CA /* Frameworks */,
				7FF077E0200CA18E009985CA /* Resources */,
			);
			buildRules = (
			);
			dependencies = (
			);
			name = Basket;
			productName = Basket;
			productReference = 7FF077E2200CA18E009985CA /* Basket.app */;
			productType = "com.apple.product-type.application";
		};
		7FF077F5200CA18E009985CA /* BasketTests */ = {
			isa = PBXNativeTarget;
			buildConfigurationList = 7FF07802200CA18E009985CA /* Build configuration list for PBXNativeTarget "BasketTests" */;
			buildPhases = (
				7FF077F2200CA18E009985CA /* Sources */,
				7FF077F3200CA18E009985CA /* Frameworks */,
				7FF077F4200CA18E009985CA /* Resources */,
			);
			buildRules = (
			);
			dependencies = (
				7FF077F8200CA18E009985CA /* PBXTargetDependency */,
			);
			name = BasketTests;
			productName = BasketTests;
			productReference = 7FF077F6200CA18E009985CA /* BasketTests.xctest */;
			productType = "com.apple.product-type.bundle.unit-test";
		};
/* End PBXNativeTarget section */

/* Begin PBXProject section */
		7FF077DA200CA18D009985CA /* Project object */ = {
			isa = PBXProject;
			attributes = {
				LastSwiftUpdateCheck = 0920;
				LastUpgradeCheck = 0920;
				TargetAttributes = {
					7FF077E1200CA18E009985CA = {
						CreatedOnToolsVersion = 9.2;
						LastSwiftMigration = 0920;
						ProvisioningStyle = Automatic;
					};
					7FF077F5200CA18E009985CA = {
						CreatedOnToolsVersion = 9.2;
						ProvisioningStyle = Automatic;
						TestTargetID = 7FF077E1200CA18E009985CA;
					};
				};
			};
			buildConfigurationList = 7FF077DD200CA18D009985CA /* Build configuration list for PBXProject "Basket" */;
			compatibilityVersion = "Xcode 8.0";
			developmentRegion = en;
			hasScannedForEncodings = 0;
			knownRegions = (
				en,
				Base,
			);
			mainGroup = 7FF077D9200CA18D009985CA;
			productRefGroup = 7FF077E3200CA18E009985CA /* Products */;
			projectDirPath = "";
			projectRoot = "";
			targets = (
				7FF077E1200CA18E009985CA /* Basket */,
				7FF077F5200CA18E009985CA /* BasketTests */,
			);
		};
/* End PBXProject section */

/* Begin PBXResourcesBuildPhase section */
		7FF077E0200CA18E009985CA /* Resources */ = {
			isa = PBXResourcesBuildPhase;
			buildActionMask = 2147483647;
			files = (
				7FF077F0200CA18E009985CA /* LaunchScreen.storyboard in Resources */,
				7FF077ED200CA18E009985CA /* Assets.xcassets in Resources */,
				7FF077EB200CA18E009985CA /* Main.storyboard in Resources */,
			);
			runOnlyForDeploymentPostprocessing = 0;
		};
		7FF077F4200CA18E009985CA /* Resources */ = {
			isa = PBXResourcesBuildPhase;
			buildActionMask = 2147483647;
			files = (
			);
			runOnlyForDeploymentPostprocessing = 0;
		};
/* End PBXResourcesBuildPhase section */

/* Begin PBXSourcesBuildPhase section */
		7FF077DE200CA18E009985CA /* Sources */ = {
			isa = PBXSourcesBuildPhase;
			buildActionMask = 2147483647;
			files = (
				7FF07813200CA32F009985CA /* LogViewerViewController.swift in Sources */,
				7FF07814200CA32F009985CA /* FileLogDataSource.swift in Sources */,
				7FF077E8200CA18E009985CA /* ViewController.swift in Sources */,
				7FF077E6200CA18E009985CA /* AppDelegate.swift in Sources */,
				7FF07817200CA32F009985CA /* FileLogStore.swift in Sources */,
				7FF07816200CA32F009985CA /* XCGLoggerFileLogDataSource.swift in Sources */,
				7FF07818200CA32F009985CA /* LogStore.swift in Sources */,
				7FF07812200CA32F009985CA /* LogLabelView.swift in Sources */,
				7FF07815200CA32F009985CA /* LogDataSource.swift in Sources */,
				7FF07811200CA32F009985CA /* LogCell.swift in Sources */,
			);
			runOnlyForDeploymentPostprocessing = 0;
		};
		7FF077F2200CA18E009985CA /* Sources */ = {
			isa = PBXSourcesBuildPhase;
			buildActionMask = 2147483647;
			files = (
				7FF077FB200CA18E009985CA /* BasketTests.swift in Sources */,
			);
			runOnlyForDeploymentPostprocessing = 0;
		};
/* End PBXSourcesBuildPhase section */

/* Begin PBXTargetDependency section */
		7FF077F8200CA18E009985CA /* PBXTargetDependency */ = {
			isa = PBXTargetDependency;
			target = 7FF077E1200CA18E009985CA /* Basket */;
			targetProxy = 7FF077F7200CA18E009985CA /* PBXContainerItemProxy */;
		};
/* End PBXTargetDependency section */

/* Begin PBXVariantGroup section */
		7FF077E9200CA18E009985CA /* Main.storyboard */ = {
			isa = PBXVariantGroup;
			children = (
				7FF077EA200CA18E009985CA /* Base */,
			);
			name = Main.storyboard;
			sourceTree = "<group>";
		};
		7FF077EE200CA18E009985CA /* LaunchScreen.storyboard */ = {
			isa = PBXVariantGroup;
			children = (
				7FF077EF200CA18E009985CA /* Base */,
			);
			name = LaunchScreen.storyboard;
			sourceTree = "<group>";
		};
/* End PBXVariantGroup section */

/* Begin XCBuildConfiguration section */
		7FF077FD200CA18E009985CA /* Debug */ = {
			isa = XCBuildConfiguration;
			buildSettings = {
				ALWAYS_SEARCH_USER_PATHS = NO;
				CLANG_ANALYZER_NONNULL = YES;
				CLANG_ANALYZER_NUMBER_OBJECT_CONVERSION = YES_AGGRESSIVE;
				CLANG_CXX_LANGUAGE_STANDARD = "gnu++14";
				CLANG_CXX_LIBRARY = "libc++";
				CLANG_ENABLE_MODULES = YES;
				CLANG_ENABLE_OBJC_ARC = YES;
				CLANG_WARN_BLOCK_CAPTURE_AUTORELEASING = YES;
				CLANG_WARN_BOOL_CONVERSION = YES;
				CLANG_WARN_COMMA = YES;
				CLANG_WARN_CONSTANT_CONVERSION = YES;
				CLANG_WARN_DIRECT_OBJC_ISA_USAGE = YES_ERROR;
				CLANG_WARN_DOCUMENTATION_COMMENTS = YES;
				CLANG_WARN_EMPTY_BODY = YES;
				CLANG_WARN_ENUM_CONVERSION = YES;
				CLANG_WARN_INFINITE_RECURSION = YES;
				CLANG_WARN_INT_CONVERSION = YES;
				CLANG_WARN_NON_LITERAL_NULL_CONVERSION = YES;
				CLANG_WARN_OBJC_LITERAL_CONVERSION = YES;
				CLANG_WARN_OBJC_ROOT_CLASS = YES_ERROR;
				CLANG_WARN_RANGE_LOOP_ANALYSIS = YES;
				CLANG_WARN_STRICT_PROTOTYPES = YES;
				CLANG_WARN_SUSPICIOUS_MOVE = YES;
				CLANG_WARN_UNGUARDED_AVAILABILITY = YES_AGGRESSIVE;
				CLANG_WARN_UNREACHABLE_CODE = YES;
				CLANG_WARN__DUPLICATE_METHOD_MATCH = YES;
				CODE_SIGN_IDENTITY = "iPhone Developer";
				COPY_PHASE_STRIP = NO;
				DEBUG_INFORMATION_FORMAT = dwarf;
				ENABLE_STRICT_OBJC_MSGSEND = YES;
				ENABLE_TESTABILITY = YES;
				GCC_C_LANGUAGE_STANDARD = gnu11;
				GCC_DYNAMIC_NO_PIC = NO;
				GCC_NO_COMMON_BLOCKS = YES;
				GCC_OPTIMIZATION_LEVEL = 0;
				GCC_PREPROCESSOR_DEFINITIONS = (
					"DEBUG=1",
					"$(inherited)",
				);
				GCC_WARN_64_TO_32_BIT_CONVERSION = YES;
				GCC_WARN_ABOUT_RETURN_TYPE = YES_ERROR;
				GCC_WARN_UNDECLARED_SELECTOR = YES;
				GCC_WARN_UNINITIALIZED_AUTOS = YES_AGGRESSIVE;
				GCC_WARN_UNUSED_FUNCTION = YES;
				GCC_WARN_UNUSED_VARIABLE = YES;
				IPHONEOS_DEPLOYMENT_TARGET = 11.2;
				MTL_ENABLE_DEBUG_INFO = YES;
				ONLY_ACTIVE_ARCH = YES;
				SDKROOT = iphoneos;
				SWIFT_ACTIVE_COMPILATION_CONDITIONS = DEBUG;
				SWIFT_OPTIMIZATION_LEVEL = "-Onone";
			};
			name = Debug;
		};
		7FF077FE200CA18E009985CA /* Release */ = {
			isa = XCBuildConfiguration;
			buildSettings = {
				ALWAYS_SEARCH_USER_PATHS = NO;
				CLANG_ANALYZER_NONNULL = YES;
				CLANG_ANALYZER_NUMBER_OBJECT_CONVERSION = YES_AGGRESSIVE;
				CLANG_CXX_LANGUAGE_STANDARD = "gnu++14";
				CLANG_CXX_LIBRARY = "libc++";
				CLANG_ENABLE_MODULES = YES;
				CLANG_ENABLE_OBJC_ARC = YES;
				CLANG_WARN_BLOCK_CAPTURE_AUTORELEASING = YES;
				CLANG_WARN_BOOL_CONVERSION = YES;
				CLANG_WARN_COMMA = YES;
				CLANG_WARN_CONSTANT_CONVERSION = YES;
				CLANG_WARN_DIRECT_OBJC_ISA_USAGE = YES_ERROR;
				CLANG_WARN_DOCUMENTATION_COMMENTS = YES;
				CLANG_WARN_EMPTY_BODY = YES;
				CLANG_WARN_ENUM_CONVERSION = YES;
				CLANG_WARN_INFINITE_RECURSION = YES;
				CLANG_WARN_INT_CONVERSION = YES;
				CLANG_WARN_NON_LITERAL_NULL_CONVERSION = YES;
				CLANG_WARN_OBJC_LITERAL_CONVERSION = YES;
				CLANG_WARN_OBJC_ROOT_CLASS = YES_ERROR;
				CLANG_WARN_RANGE_LOOP_ANALYSIS = YES;
				CLANG_WARN_STRICT_PROTOTYPES = YES;
				CLANG_WARN_SUSPICIOUS_MOVE = YES;
				CLANG_WARN_UNGUARDED_AVAILABILITY = YES_AGGRESSIVE;
				CLANG_WARN_UNREACHABLE_CODE = YES;
				CLANG_WARN__DUPLICATE_METHOD_MATCH = YES;
				CODE_SIGN_IDENTITY = "iPhone Developer";
				COPY_PHASE_STRIP = NO;
				DEBUG_INFORMATION_FORMAT = "dwarf-with-dsym";
				ENABLE_NS_ASSERTIONS = NO;
				ENABLE_STRICT_OBJC_MSGSEND = YES;
				GCC_C_LANGUAGE_STANDARD = gnu11;
				GCC_NO_COMMON_BLOCKS = YES;
				GCC_WARN_64_TO_32_BIT_CONVERSION = YES;
				GCC_WARN_ABOUT_RETURN_TYPE = YES_ERROR;
				GCC_WARN_UNDECLARED_SELECTOR = YES;
				GCC_WARN_UNINITIALIZED_AUTOS = YES_AGGRESSIVE;
				GCC_WARN_UNUSED_FUNCTION = YES;
				GCC_WARN_UNUSED_VARIABLE = YES;
				IPHONEOS_DEPLOYMENT_TARGET = 11.2;
				MTL_ENABLE_DEBUG_INFO = NO;
				SDKROOT = iphoneos;
				SWIFT_OPTIMIZATION_LEVEL = "-Owholemodule";
				VALIDATE_PRODUCT = YES;
			};
			name = Release;
		};
		7FF07800200CA18E009985CA /* Debug */ = {
			isa = XCBuildConfiguration;
			buildSettings = {
				ASSETCATALOG_COMPILER_APPICON_NAME = AppIcon;
				CLANG_ENABLE_MODULES = YES;
				CODE_SIGN_STYLE = Automatic;
				INFOPLIST_FILE = Basket/Info.plist;
				LD_RUNPATH_SEARCH_PATHS = "$(inherited) @executable_path/Frameworks";
				PRODUCT_BUNDLE_IDENTIFIER = cc.clv.ios.Basket;
				PRODUCT_NAME = "$(TARGET_NAME)";
				SWIFT_OBJC_BRIDGING_HEADER = "Basket/Basket-Bridging-Header.h";
				SWIFT_OPTIMIZATION_LEVEL = "-Onone";
				SWIFT_VERSION = 4.0;
				TARGETED_DEVICE_FAMILY = "1,2";
			};
			name = Debug;
		};
		7FF07801200CA18E009985CA /* Release */ = {
			isa = XCBuildConfiguration;
			buildSettings = {
				ASSETCATALOG_COMPILER_APPICON_NAME = AppIcon;
				CLANG_ENABLE_MODULES = YES;
				CODE_SIGN_STYLE = Automatic;
				INFOPLIST_FILE = Basket/Info.plist;
				LD_RUNPATH_SEARCH_PATHS = "$(inherited) @executable_path/Frameworks";
				PRODUCT_BUNDLE_IDENTIFIER = cc.clv.ios.Basket;
				PRODUCT_NAME = "$(TARGET_NAME)";
				SWIFT_OBJC_BRIDGING_HEADER = "Basket/Basket-Bridging-Header.h";
				SWIFT_VERSION = 4.0;
				TARGETED_DEVICE_FAMILY = "1,2";
			};
			name = Release;
		};
		7FF07803200CA18E009985CA /* Debug */ = {
			isa = XCBuildConfiguration;
			buildSettings = {
				ALWAYS_EMBED_SWIFT_STANDARD_LIBRARIES = YES;
				BUNDLE_LOADER = "$(TEST_HOST)";
				CODE_SIGN_STYLE = Automatic;
				INFOPLIST_FILE = BasketTests/Info.plist;
				LD_RUNPATH_SEARCH_PATHS = "$(inherited) @executable_path/Frameworks @loader_path/Frameworks";
				PRODUCT_BUNDLE_IDENTIFIER = cc.clv.ios.BasketTests;
				PRODUCT_NAME = "$(TARGET_NAME)";
				SWIFT_VERSION = 4.0;
				TARGETED_DEVICE_FAMILY = "1,2";
				TEST_HOST = "$(BUILT_PRODUCTS_DIR)/Basket.app/Basket";
			};
			name = Debug;
		};
		7FF07804200CA18E009985CA /* Release */ = {
			isa = XCBuildConfiguration;
			buildSettings = {
				ALWAYS_EMBED_SWIFT_STANDARD_LIBRARIES = YES;
				BUNDLE_LOADER = "$(TEST_HOST)";
				CODE_SIGN_STYLE = Automatic;
				INFOPLIST_FILE = BasketTests/Info.plist;
				LD_RUNPATH_SEARCH_PATHS = "$(inherited) @executable_path/Frameworks @loader_path/Frameworks";
				PRODUCT_BUNDLE_IDENTIFIER = cc.clv.ios.BasketTests;
				PRODUCT_NAME = "$(TARGET_NAME)";
				SWIFT_VERSION = 4.0;
				TARGETED_DEVICE_FAMILY = "1,2";
				TEST_HOST = "$(BUILT_PRODUCTS_DIR)/Basket.app/Basket";
			};
			name = Release;
		};
/* End XCBuildConfiguration section */

/* Begin XCConfigurationList section */
		7FF077DD200CA18D009985CA /* Build configuration list for PBXProject "Basket" */ = {
			isa = XCConfigurationList;
			buildConfigurations = (
				7FF077FD200CA18E009985CA /* Debug */,
				7FF077FE200CA18E009985CA /* Release */,
			);
			defaultConfigurationIsVisible = 0;
			defaultConfigurationName = Release;
		};
		7FF077FF200CA18E009985CA /* Build configuration list for PBXNativeTarget "Basket" */ = {
			isa = XCConfigurationList;
			buildConfigurations = (
				7FF07800200CA18E009985CA /* Debug */,
				7FF07801200CA18E009985CA /* Release */,
			);
			defaultConfigurationIsVisible = 0;
			defaultConfigurationName = Release;
		};
		7FF07802200CA18E009985CA /* Build configuration list for PBXNativeTarget "BasketTests" */ = {
			isa = XCConfigurationList;
			buildConfigurations = (
				7FF07803200CA18E009985CA /* Debug */,
				7FF07804200CA18E009985CA /* Release */,
			);
			defaultConfigurationIsVisible = 0;
			defaultConfigurationName = Release;
		};
/* End XCConfigurationList section */
	};
	rootObject = 7FF077DA200CA18D009985CA /* Project object */;
}
